
Microsoft Visual Studio Solution File, Format Version 12.00
# Visual Studio Version 16
VisualStudioVersion = 16.0.30011.22
MinimumVisualStudioVersion = 10.0.40219.1
Project("{888888A0-9F3D-457C-B088-3A5042F75D52}") = "RPIWaterSystem", "RPIWaterSystem\RPIWaterSystem.pyproj", "{6301543E-66CB-4DEF-8718-F21C935CBBE8}"
EndProject
Global
	GlobalSection(SolutionConfigurationPlatforms) = preSolution
		Debug|Any CPU = Debug|Any CPU
		Release|Any CPU = Release|Any CPU
	EndGlobalSection
	GlobalSection(ProjectConfigurationPlatforms) = postSolution
		{6301543E-66CB-4DEF-8718-F21C935CBBE8}.Debug|Any CPU.ActiveCfg = Debug|Any CPU
		{6301543E-66CB-4DEF-8718-F21C935CBBE8}.Release|Any CPU.ActiveCfg = Release|Any CPU
	EndGlobalSection
	GlobalSection(SolutionProperties) = preSolution
		HideSolutionNode = FALSE
	EndGlobalSection
	GlobalSection(ExtensibilityGlobals) = postSolution
		SolutionGuid = {C759985E-11C9-4735-B8E6-E0A3027299AB}
	EndGlobalSection
EndGlobal
